
Microsoft Visual Studio Solution File, Format Version 12.00
# Visual Studio Version 17
VisualStudioVersion = 17.4.33213.308
MinimumVisualStudioVersion = 10.0.40219.1
Project("{9A19103F-16F7-4668-BE54-9A1E7A4F7556}") = "Management.Core", "ApplicationCore\Management.Core.csproj", "{357ACFC1-5200-40F6-AB55-D07AA47BD3C0}"
EndProject
Project("{9A19103F-16F7-4668-BE54-9A1E7A4F7556}") = "Management.Data", "Department.Data\Department.Data\Management.Data.csproj", "{DBD21E43-7433-4C12-8F9E-D11A764DA550}"
EndProject
Project("{9A19103F-16F7-4668-BE54-9A1E7A4F7556}") = "Management.Models", "Department.Models\Department.Models\Management.Models.csproj", "{D1373CCE-4FD3-48B8-B347-4EFF5008AFCE}"
EndProject
Global
	GlobalSection(SolutionConfigurationPlatforms) = preSolution
		Debug|Any CPU = Debug|Any CPU
		Release|Any CPU = Release|Any CPU
	EndGlobalSection
	GlobalSection(ProjectConfigurationPlatforms) = postSolution
		{357ACFC1-5200-40F6-AB55-D07AA47BD3C0}.Debug|Any CPU.ActiveCfg = Debug|Any CPU
		{357ACFC1-5200-40F6-AB55-D07AA47BD3C0}.Debug|Any CPU.Build.0 = Debug|Any CPU
		{357ACFC1-5200-40F6-AB55-D07AA47BD3C0}.Release|Any CPU.ActiveCfg = Release|Any CPU
		{357ACFC1-5200-40F6-AB55-D07AA47BD3C0}.Release|Any CPU.Build.0 = Release|Any CPU
		{DBD21E43-7433-4C12-8F9E-D11A764DA550}.Debug|Any CPU.ActiveCfg = Debug|Any CPU
		{DBD21E43-7433-4C12-8F9E-D11A764DA550}.Debug|Any CPU.Build.0 = Debug|Any CPU
		{DBD21E43-7433-4C12-8F9E-D11A764DA550}.Release|Any CPU.ActiveCfg = Release|Any CPU
		{DBD21E43-7433-4C12-8F9E-D11A764DA550}.Release|Any CPU.Build.0 = Release|Any CPU
		{D1373CCE-4FD3-48B8-B347-4EFF5008AFCE}.Debug|Any CPU.ActiveCfg = Debug|Any CPU
		{D1373CCE-4FD3-48B8-B347-4EFF5008AFCE}.Debug|Any CPU.Build.0 = Debug|Any CPU
		{D1373CCE-4FD3-48B8-B347-4EFF5008AFCE}.Release|Any CPU.ActiveCfg = Release|Any CPU
		{D1373CCE-4FD3-48B8-B347-4EFF5008AFCE}.Release|Any CPU.Build.0 = Release|Any CPU
	EndGlobalSection
	GlobalSection(SolutionProperties) = preSolution
		HideSolutionNode = FALSE
	EndGlobalSection
	GlobalSection(ExtensibilityGlobals) = postSolution
		SolutionGuid = {A743F2F1-5410-4EC4-B9A9-F843F4FBFE0C}
	EndGlobalSection
EndGlobal
